
Microsoft Visual Studio Solution File, Format Version 12.00
# Visual Studio Version 16
VisualStudioVersion = 16.0.29806.167
MinimumVisualStudioVersion = 10.0.40219.1
Project("{8BC9CEB8-8B4A-11D0-8D11-00A0C91BC942}") = "cis25Spring2020LuisAlvaradoFinalExam", "cis25Spring2020LuisAlvaradoFinalExam\cis25Spring2020LuisAlvaradoFinalExam.vcxproj", "{E8E14B68-73DB-451B-83B0-16735726BCBE}"
EndProject
Global
	GlobalSection(SolutionConfigurationPlatforms) = preSolution
		Debug|x64 = Debug|x64
		Debug|x86 = Debug|x86
		Release|x64 = Release|x64
		Release|x86 = Release|x86
	EndGlobalSection
	GlobalSection(ProjectConfigurationPlatforms) = postSolution
		{E8E14B68-73DB-451B-83B0-16735726BCBE}.Debug|x64.ActiveCfg = Debug|x64
		{E8E14B68-73DB-451B-83B0-16735726BCBE}.Debug|x64.Build.0 = Debug|x64
		{E8E14B68-73DB-451B-83B0-16735726BCBE}.Debug|x86.ActiveCfg = Debug|Win32
		{E8E14B68-73DB-451B-83B0-16735726BCBE}.Debug|x86.Build.0 = Debug|Win32
		{E8E14B68-73DB-451B-83B0-16735726BCBE}.Release|x64.ActiveCfg = Release|x64
		{E8E14B68-73DB-451B-83B0-16735726BCBE}.Release|x64.Build.0 = Release|x64
		{E8E14B68-73DB-451B-83B0-16735726BCBE}.Release|x86.ActiveCfg = Release|Win32
		{E8E14B68-73DB-451B-83B0-16735726BCBE}.Release|x86.Build.0 = Release|Win32
	EndGlobalSection
	GlobalSection(SolutionProperties) = preSolution
		HideSolutionNode = FALSE
	EndGlobalSection
	GlobalSection(ExtensibilityGlobals) = postSolution
		SolutionGuid = {92F520A5-4320-4D54-B1BE-F858F5FAAC69}
	EndGlobalSection
EndGlobal
